
Microsoft Visual Studio Solution File, Format Version 12.00
# Visual Studio Version 16
VisualStudioVersion = 16.0.29905.134
MinimumVisualStudioVersion = 10.0.40219.1
Project("{FAE04EC0-301F-11D3-BF4B-00C04F79EFBC}") = "MongoDML", "MongoDML\MongoDML.csproj", "{8844B09B-5293-41A2-9DCE-ED3F6718EAE7}"
EndProject
Project("{FAE04EC0-301F-11D3-BF4B-00C04F79EFBC}") = "MongoDML.Core", "MongoDML.Core\MongoDML.Core.csproj", "{EC64E4CE-5344-417E-9259-BE2952E62DEA}"
EndProject
Global
	GlobalSection(SolutionConfigurationPlatforms) = preSolution
		Debug|Any CPU = Debug|Any CPU
		Release|Any CPU = Release|Any CPU
	EndGlobalSection
	GlobalSection(ProjectConfigurationPlatforms) = postSolution
		{8844B09B-5293-41A2-9DCE-ED3F6718EAE7}.Debug|Any CPU.ActiveCfg = Debug|Any CPU
		{8844B09B-5293-41A2-9DCE-ED3F6718EAE7}.Debug|Any CPU.Build.0 = Debug|Any CPU
		{8844B09B-5293-41A2-9DCE-ED3F6718EAE7}.Release|Any CPU.ActiveCfg = Release|Any CPU
		{8844B09B-5293-41A2-9DCE-ED3F6718EAE7}.Release|Any CPU.Build.0 = Release|Any CPU
		{EC64E4CE-5344-417E-9259-BE2952E62DEA}.Debug|Any CPU.ActiveCfg = Debug|Any CPU
		{EC64E4CE-5344-417E-9259-BE2952E62DEA}.Debug|Any CPU.Build.0 = Debug|Any CPU
		{EC64E4CE-5344-417E-9259-BE2952E62DEA}.Release|Any CPU.ActiveCfg = Release|Any CPU
		{EC64E4CE-5344-417E-9259-BE2952E62DEA}.Release|Any CPU.Build.0 = Release|Any CPU
	EndGlobalSection
	GlobalSection(SolutionProperties) = preSolution
		HideSolutionNode = FALSE
	EndGlobalSection
	GlobalSection(ExtensibilityGlobals) = postSolution
		SolutionGuid = {40354690-10AE-4BF7-A7E2-E9D932693D46}
	EndGlobalSection
EndGlobal
